{
  "object": {
    "pins": [
      {
        "package": "IDZSwiftCommonCrypto",
        "repositoryURL": "https://github.com/iosdevzone/IDZSwiftCommonCrypto",
        "state": {
          "branch": null,
          "revision": "d824371e670bd57eb456bbc41139b4997f7207b8",
          "version": "0.13.1"
        }
      },
      {
        "package": "SwiftBytes",
        "repositoryURL": "https://github.com/skogland/swift-bytes.git",
        "state": {
          "branch": null,
          "revision": "2fcd0003c8d56f72e04ee9dcbff6dd0d3128fbc0",
          "version": "0.8.0"
        }
      },
      {
        "package": "SecurityExtensions",
        "repositoryURL": "https://github.com/skogland/swift-SecurityExtensions",
        "state": {
          "branch": null,
          "revision": "ac5fad0ddd3779b6c8cce6c813f15521fbdd6313",
          "version": "5.0.0"
        }
      }
    ]
  },
  "version": 1
}
