PODS:
  - IDZSwiftCommonCrypto (0.9.1)
  - Nimble (6.1.0)
  - Quick (1.1.0)
  - SecurityExtensions (3.0.2):
    - IDZSwiftCommonCrypto (~> 0.9)
  - SwiftBytes (0.5.0)

DEPENDENCIES:
  - IDZSwiftCommonCrypto (~> 0.7)
  - Nimble (~> 6.1)
  - Quick (~> 1.1)
  - SecurityExtensions (~> 3.0)
  - SwiftBytes (~> 0.2)

SPEC CHECKSUMS:
  IDZSwiftCommonCrypto: c44fe5c0219a219846b56b4c148615dd06e58591
  Nimble: c53e6903fee94041b90ded74f135820437d8bf59
  Quick: dafc587e21eed9f4cab3249b9f9015b0b7a7f71d
  SecurityExtensions: fe8359cd9fda03545acc973ab105f1f17d973832
  SwiftBytes: f34958e14b54908e59b29d776300f8dedc259624

PODFILE CHECKSUM: e6a1c5a41e909ac1c05afa47a1093807a2abf695

COCOAPODS: 1.2.1
